
Microsoft Visual Studio Solution File, Format Version 12.00
# Visual Studio 15
VisualStudioVersion = 15.0.28307.960
MinimumVisualStudioVersion = 10.0.40219.1
Project("{FAE04EC0-301F-11D3-BF4B-00C04F79EFBC}") = "AI ASSISTANT", "AI ASSISTANT\AI ASSISTANT.csproj", "{516EBD73-2CEF-4A2B-944B-BC27A8A0E4A5}"
EndProject
Project("{54435603-DBB4-11D2-8724-00A0C9A8B90C}") = "Setup1", "Setup1\Setup1.vdproj", "{359A772F-7D0E-44DD-B711-92C40013BD38}"
EndProject
Global
	GlobalSection(SolutionConfigurationPlatforms) = preSolution
		Debug|Any CPU = Debug|Any CPU
		Release|Any CPU = Release|Any CPU
	EndGlobalSection
	GlobalSection(ProjectConfigurationPlatforms) = postSolution
		{516EBD73-2CEF-4A2B-944B-BC27A8A0E4A5}.Debug|Any CPU.ActiveCfg = Debug|Any CPU
		{516EBD73-2CEF-4A2B-944B-BC27A8A0E4A5}.Debug|Any CPU.Build.0 = Debug|Any CPU
		{516EBD73-2CEF-4A2B-944B-BC27A8A0E4A5}.Release|Any CPU.ActiveCfg = Release|Any CPU
		{516EBD73-2CEF-4A2B-944B-BC27A8A0E4A5}.Release|Any CPU.Build.0 = Release|Any CPU
		{359A772F-7D0E-44DD-B711-92C40013BD38}.Debug|Any CPU.ActiveCfg = Debug
		{359A772F-7D0E-44DD-B711-92C40013BD38}.Release|Any CPU.ActiveCfg = Release
	EndGlobalSection
	GlobalSection(SolutionProperties) = preSolution
		HideSolutionNode = FALSE
	EndGlobalSection
	GlobalSection(ExtensibilityGlobals) = postSolution
		SolutionGuid = {B0FB97CC-4893-41C2-966B-3ECAE27B9AAB}
	EndGlobalSection
EndGlobal
